{
  "name": "ora-connect",
  "version": "1.0.0",
  "lockfileVersion": 3,
  "requires": true,
  "packages": {
    "": {
      "name": "ora-connect",
      "version": "1.0.0",
      "license": "ISC",
      "dependencies": {
        "oracledb": "^6.7.0"
      }
    },
    "node_modules/oracledb": {
      "version": "6.7.0",
      "resolved": "https://registry.npmjs.org/oracledb/-/oracledb-6.7.0.tgz",
      "integrity": "sha512-rmYYFSB4I4TAQeP7zjmNw0xvAWHjcmReAclTVXBc/v7a1E9YiKma8pybMbrnRZHu7+zFSyzFb8oWjK8gfY/kEw==",
      "hasInstallScript": true,
      "license": "(Apache-2.0 OR UPL-1.0)",
      "engines": {
        "node": ">=14.6"
      }
    }
  }
}
